Microsoft Visual Studio Solution File, Format Version 12.00
# Visual Studio Version 17
VisualStudioVersion = 17.5.2.0
MinimumVisualStudioVersion = 10.0.40219.1
Project("{2150E333-8FDC-42A3-9474-1A3956D46DE8}") = "UserService", "UserService", "{C0127DB6-3CA8-EE98-7726-A4993E48C5D4}"
EndProject
Project("{FAE04EC0-301F-11D3-BF4B-00C04F79EFBC}") = "UserService", "backend-container\UserService\UserService\UserService.csproj", "{B0CC8F42-9FF2-5EA5-6B6D-A87EF78CD035}"
EndProject
Global
	GlobalSection(SolutionConfigurationPlatforms) = preSolution
		Debug|Any CPU = Debug|Any CPU
		Release|Any CPU = Release|Any CPU
	EndGlobalSection
	GlobalSection(ProjectConfigurationPlatforms) = postSolution
		{B0CC8F42-9FF2-5EA5-6B6D-A87EF78CD035}.Debug|Any CPU.ActiveCfg = Debug|Any CPU
		{B0CC8F42-9FF2-5EA5-6B6D-A87EF78CD035}.Debug|Any CPU.Build.0 = Debug|Any CPU
		{B0CC8F42-9FF2-5EA5-6B6D-A87EF78CD035}.Release|Any CPU.ActiveCfg = Release|Any CPU
		{B0CC8F42-9FF2-5EA5-6B6D-A87EF78CD035}.Release|Any CPU.Build.0 = Release|Any CPU
	EndGlobalSection
	GlobalSection(SolutionProperties) = preSolution
		HideSolutionNode = FALSE
	EndGlobalSection
	GlobalSection(NestedProjects) = preSolution
		{B0CC8F42-9FF2-5EA5-6B6D-A87EF78CD035} = {C0127DB6-3CA8-EE98-7726-A4993E48C5D4}
	EndGlobalSection
	GlobalSection(ExtensibilityGlobals) = postSolution
		SolutionGuid = {C1B63BEF-6CDF-4D7A-8B95-A3B437538658}
	EndGlobalSection
EndGlobal
